{
  "name": "pollenium-ilex",
  "version": "4.0.0",
  "lockfileVersion": 1,
  "requires": true,
  "dependencies": {
    "@types/node": {
      "version": "12.12.11",
      "resolved": "https://registry.npmjs.org/@types/node/-/node-12.12.11.tgz",
      "integrity": "sha512-O+x6uIpa6oMNTkPuHDa9MhMMehlxLAd5QcOvKRjAFsBVpeFWTOPnXbDvILvFgFFZfQ1xh1EZi1FbXxUix+zpsQ=="
    },
    "bn.js": {
      "version": "5.0.0",
      "resolved": "https://registry.npmjs.org/bn.js/-/bn.js-5.0.0.tgz",
      "integrity": "sha512-bVwDX8AF+72fIUNuARelKAlQUNtPOfG2fRxorbVvFk4zpHbqLrPdOGfVg5vrKwVzLLePqPBiATaOZNELQzmS0A=="
    },
    "pollenium-buttercup": {
      "version": "11.0.0",
      "resolved": "https://registry.npmjs.org/pollenium-buttercup/-/pollenium-buttercup-11.0.0.tgz",
      "integrity": "sha512-iZcrhMpgdk15WwA0FgozLC8yIW5kLvqs8qZlKwULqNjzGoTMVnft/D3nF2MopeeV9QrklHQAPfV+e89e7LSStg==",
      "requires": {
        "@types/node": "^12.12.7",
        "bn.js": "^5.0.0"
      }
    },
    "tsc": {
      "version": "1.20150623.0",
      "resolved": "https://registry.npmjs.org/tsc/-/tsc-1.20150623.0.tgz",
      "integrity": "sha1-Trw8d04WkUjLx2inNCUz8ILHpuU=",
      "dev": true
    },
    "typescript": {
      "version": "3.7.2",
      "resolved": "https://registry.npmjs.org/typescript/-/typescript-3.7.2.tgz",
      "integrity": "sha512-ml7V7JfiN2Xwvcer+XAf2csGO1bPBdRbFCkYBczNZggrBZ9c7G3riSUeJmqEU5uOtXNPMhE3n+R4FA/3YOAWOQ==",
      "dev": true
    }
  }
}
