{
  "name": "pollenium-ilex",
  "version": "2.0.0",
  "lockfileVersion": 1,
  "requires": true,
  "dependencies": {
    "@types/node": {
      "version": "12.12.9",
      "resolved": "https://registry.npmjs.org/@types/node/-/node-12.12.9.tgz",
      "integrity": "sha512-kV3w4KeLsRBW+O2rKhktBwENNJuqAUQHS3kf4ia2wIaF/MN6U7ANgTsx7tGremcA0Pk3Yh0Hl0iKiLPuBdIgmw=="
    },
    "bn.js": {
      "version": "5.0.0",
      "resolved": "https://registry.npmjs.org/bn.js/-/bn.js-5.0.0.tgz",
      "integrity": "sha512-bVwDX8AF+72fIUNuARelKAlQUNtPOfG2fRxorbVvFk4zpHbqLrPdOGfVg5vrKwVzLLePqPBiATaOZNELQzmS0A=="
    },
    "pollenium-buttercup": {
      "version": "9.0.0",
      "resolved": "https://registry.npmjs.org/pollenium-buttercup/-/pollenium-buttercup-9.0.0.tgz",
      "integrity": "sha512-P5FAxT0GUiUAfwpWAEuYbzqpqvSokWOt75Ex/tOV151G41W6xIZZAmU8cS1qzmTjRaFngcyj9HTmqFsYa5zyMw==",
      "requires": {
        "@types/node": "^12.12.7",
        "bn.js": "^5.0.0"
      }
    },
    "tsc": {
      "version": "1.20150623.0",
      "resolved": "https://registry.npmjs.org/tsc/-/tsc-1.20150623.0.tgz",
      "integrity": "sha1-Trw8d04WkUjLx2inNCUz8ILHpuU=",
      "dev": true
    },
    "typescript": {
      "version": "3.7.2",
      "resolved": "https://registry.npmjs.org/typescript/-/typescript-3.7.2.tgz",
      "integrity": "sha512-ml7V7JfiN2Xwvcer+XAf2csGO1bPBdRbFCkYBczNZggrBZ9c7G3riSUeJmqEU5uOtXNPMhE3n+R4FA/3YOAWOQ==",
      "dev": true
    }
  }
}
