{
  "name": "pollenium-ilex",
  "version": "1.0.0",
  "lockfileVersion": 1,
  "requires": true,
  "dependencies": {
    "@types/node": {
      "version": "12.12.7",
      "resolved": "https://registry.npmjs.org/@types/node/-/node-12.12.7.tgz",
      "integrity": "sha512-E6Zn0rffhgd130zbCbAr/JdXfXkoOUFAKNs/rF8qnafSJ8KYaA/j3oz7dcwal+lYjLA7xvdd5J4wdYpCTlP8+w=="
    },
    "bn.js": {
      "version": "5.0.0",
      "resolved": "https://registry.npmjs.org/bn.js/-/bn.js-5.0.0.tgz",
      "integrity": "sha512-bVwDX8AF+72fIUNuARelKAlQUNtPOfG2fRxorbVvFk4zpHbqLrPdOGfVg5vrKwVzLLePqPBiATaOZNELQzmS0A=="
    },
    "pollenium-buttercup": {
      "version": "3.1.1",
      "resolved": "https://registry.npmjs.org/pollenium-buttercup/-/pollenium-buttercup-3.1.1.tgz",
      "integrity": "sha512-k0TvsQS2iALP50JuCxEAMZ2BnotKpv/xquAGtlnncBVNc2LlxFsqPCvVHF0gu9PoouhIxEUpZFNdj1Ju4U7m6g==",
      "requires": {
        "@types/node": "^12.12.7",
        "bn.js": "^5.0.0"
      }
    },
    "tsc": {
      "version": "1.20150623.0",
      "resolved": "https://registry.npmjs.org/tsc/-/tsc-1.20150623.0.tgz",
      "integrity": "sha1-Trw8d04WkUjLx2inNCUz8ILHpuU=",
      "dev": true
    },
    "typescript": {
      "version": "3.7.2",
      "resolved": "https://registry.npmjs.org/typescript/-/typescript-3.7.2.tgz",
      "integrity": "sha512-ml7V7JfiN2Xwvcer+XAf2csGO1bPBdRbFCkYBczNZggrBZ9c7G3riSUeJmqEU5uOtXNPMhE3n+R4FA/3YOAWOQ==",
      "dev": true
    }
  }
}
